// !$*UTF8*$!
{
	archiveVersion = 1;
	classes = {
	};
	objectVersion = 50;
	objects = {

/* Begin PBXBuildFile section */
		5770E4BE23967288004522EC /* Chart.swift in Sources */ = {isa = PBXBuildFile; fileRef = 5770E4BD23967288004522EC /* Chart.swift */; };
		57D73119239526EF00F8AEB6 /* AppDelegate.swift in Sources */ = {isa = PBXBuildFile; fileRef = 57D73118239526EF00F8AEB6 /* AppDelegate.swift */; };
		57D7311B239526EF00F8AEB6 /* SceneDelegate.swift in Sources */ = {isa = PBXBuildFile; fileRef = 57D7311A239526EF00F8AEB6 /* SceneDelegate.swift */; };
		57D7311D239526EF00F8AEB6 /* ContentView.swift in Sources */ = {isa = PBXBuildFile; fileRef = 57D7311C239526EF00F8AEB6 /* ContentView.swift */; };
		57D7311F239526F100F8AEB6 /* Assets.xcassets in Resources */ = {isa = PBXBuildFile; fileRef = 57D7311E239526F100F8AEB6 /* Assets.xcassets */; };
		57D73122239526F100F8AEB6 /* Preview Assets.xcassets in Resources */ = {isa = PBXBuildFile; fileRef = 57D73121239526F100F8AEB6 /* Preview Assets.xcassets */; };
		57D73125239526F100F8AEB6 /* LaunchScreen.storyboard in Resources */ = {isa = PBXBuildFile; fileRef = 57D73123239526F100F8AEB6 /* LaunchScreen.storyboard */; };
		57D7312D2395271900F8AEB6 /* PlayerRow.swift in Sources */ = {isa = PBXBuildFile; fileRef = 57D7312C2395271900F8AEB6 /* PlayerRow.swift */; };
		57D7312F2395273800F8AEB6 /* Player.swift in Sources */ = {isa = PBXBuildFile; fileRef = 57D7312E2395273700F8AEB6 /* Player.swift */; };
		57D73131239529AF00F8AEB6 /* PlayerEditor.swift in Sources */ = {isa = PBXBuildFile; fileRef = 57D73130239529AF00F8AEB6 /* PlayerEditor.swift */; };
		57D7313323952B4F00F8AEB6 /* PlayerData.swift in Sources */ = {isa = PBXBuildFile; fileRef = 57D7313223952B4F00F8AEB6 /* PlayerData.swift */; };
		57D7313523952BA100F8AEB6 /* PlayerList.swift in Sources */ = {isa = PBXBuildFile; fileRef = 57D7313423952BA100F8AEB6 /* PlayerList.swift */; };
		57D731372395488900F8AEB6 /* DonutChart.swift in Sources */ = {isa = PBXBuildFile; fileRef = 57D731362395488900F8AEB6 /* DonutChart.swift */; };
		57D731392395554800F8AEB6 /* allPlayer.swift in Sources */ = {isa = PBXBuildFile; fileRef = 57D731382395554800F8AEB6 /* allPlayer.swift */; };
/* End PBXBuildFile section */

/* Begin PBXFileReference section */
		5770E4BD23967288004522EC /* Chart.swift */ = {isa = PBXFileReference; lastKnownFileType = sourcecode.swift; path = Chart.swift; sourceTree = "<group>"; };
		57D73115239526EF00F8AEB6 /* GameDetail.app */ = {isa = PBXFileReference; explicitFileType = wrapper.application; includeInIndex = 0; path = GameDetail.app; sourceTree = BUILT_PRODUCTS_DIR; };
		57D73118239526EF00F8AEB6 /* AppDelegate.swift */ = {isa = PBXFileReference; lastKnownFileType = sourcecode.swift; path = AppDelegate.swift; sourceTree = "<group>"; };
		57D7311A239526EF00F8AEB6 /* SceneDelegate.swift */ = {isa = PBXFileReference; lastKnownFileType = sourcecode.swift; path = SceneDelegate.swift; sourceTree = "<group>"; };
		57D7311C239526EF00F8AEB6 /* ContentView.swift */ = {isa = PBXFileReference; lastKnownFileType = sourcecode.swift; path = ContentView.swift; sourceTree = "<group>"; };
		57D7311E239526F100F8AEB6 /* Assets.xcassets */ = {isa = PBXFileReference; lastKnownFileType = folder.assetcatalog; path = Assets.xcassets; sourceTree = "<group>"; };
		57D73121239526F100F8AEB6 /* Preview Assets.xcassets */ = {isa = PBXFileReference; lastKnownFileType = folder.assetcatalog; path = "Preview Assets.xcassets"; sourceTree = "<group>"; };
		57D73124239526F100F8AEB6 /* Base */ = {isa = PBXFileReference; lastKnownFileType = file.storyboard; name = Base; path = Base.lproj/LaunchScreen.storyboard; sourceTree = "<group>"; };
		57D73126239526F100F8AEB6 /* Info.plist */ = {isa = PBXFileReference; lastKnownFileType = text.plist.xml; path = Info.plist; sourceTree = "<group>"; };
		57D7312C2395271900F8AEB6 /* PlayerRow.swift */ = {isa = PBXFileReference; lastKnownFileType = sourcecode.swift; path = PlayerRow.swift; sourceTree = "<group>"; };
		57D7312E2395273700F8AEB6 /* Player.swift */ = {isa = PBXFileReference; lastKnownFileType = sourcecode.swift; path = Player.swift; sourceTree = "<group>"; };
		57D73130239529AF00F8AEB6 /* PlayerEditor.swift */ = {isa = PBXFileReference; lastKnownFileType = sourcecode.swift; path = PlayerEditor.swift; sourceTree = "<group>"; };
		57D7313223952B4F00F8AEB6 /* PlayerData.swift */ = {isa = PBXFileReference; lastKnownFileType = sourcecode.swift; path = PlayerData.swift; sourceTree = "<group>"; };
		57D7313423952BA100F8AEB6 /* PlayerList.swift */ = {isa = PBXFileReference; lastKnownFileType = sourcecode.swift; path = PlayerList.swift; sourceTree = "<group>"; };
		57D731362395488900F8AEB6 /* DonutChart.swift */ = {isa = PBXFileReference; lastKnownFileType = sourcecode.swift; path = DonutChart.swift; sourceTree = "<group>"; };
		57D731382395554800F8AEB6 /* allPlayer.swift */ = {isa = PBXFileReference; lastKnownFileType = sourcecode.swift; path = allPlayer.swift; sourceTree = "<group>"; };
/* End PBXFileReference section */

/* Begin PBXFrameworksBuildPhase section */
		57D73112239526EF00F8AEB6 /* Frameworks */ = {
			isa = PBXFrameworksBuildPhase;
			buildActionMask = 2147483647;
			files = (
			);
			runOnlyForDeploymentPostprocessing = 0;
		};
/* End PBXFrameworksBuildPhase section */

/* Begin PBXGroup section */
		57D7310C239526EF00F8AEB6 = {
			isa = PBXGroup;
			children = (
				57D73117239526EF00F8AEB6 /* GameDetail */,
				57D73116239526EF00F8AEB6 /* Products */,
			);
			sourceTree = "<group>";
		};
		57D73116239526EF00F8AEB6 /* Products */ = {
			isa = PBXGroup;
			children = (
				57D73115239526EF00F8AEB6 /* GameDetail.app */,
			);
			name = Products;
			sourceTree = "<group>";
		};
		57D73117239526EF00F8AEB6 /* GameDetail */ = {
			isa = PBXGroup;
			children = (
				57D73118239526EF00F8AEB6 /* AppDelegate.swift */,
				57D7311A239526EF00F8AEB6 /* SceneDelegate.swift */,
				57D7311C239526EF00F8AEB6 /* ContentView.swift */,
				57D7311E239526F100F8AEB6 /* Assets.xcassets */,
				57D7312C2395271900F8AEB6 /* PlayerRow.swift */,
				57D731362395488900F8AEB6 /* DonutChart.swift */,
				5770E4BD23967288004522EC /* Chart.swift */,
				57D73130239529AF00F8AEB6 /* PlayerEditor.swift */,
				57D7313223952B4F00F8AEB6 /* PlayerData.swift */,
				57D7313423952BA100F8AEB6 /* PlayerList.swift */,
				57D731382395554800F8AEB6 /* allPlayer.swift */,
				57D7312E2395273700F8AEB6 /* Player.swift */,
				57D73123239526F100F8AEB6 /* LaunchScreen.storyboard */,
				57D73126239526F100F8AEB6 /* Info.plist */,
				57D73120239526F100F8AEB6 /* Preview Content */,
			);
			path = GameDetail;
			sourceTree = "<group>";
		};
		57D73120239526F100F8AEB6 /* Preview Content */ = {
			isa = PBXGroup;
			children = (
				57D73121239526F100F8AEB6 /* Preview Assets.xcassets */,
			);
			path = "Preview Content";
			sourceTree = "<group>";
		};
/* End PBXGroup section */

/* Begin PBXNativeTarget section */
		57D73114239526EF00F8AEB6 /* GameDetail */ = {
			isa = PBXNativeTarget;
			buildConfigurationList = 57D73129239526F100F8AEB6 /* Build configuration list for PBXNativeTarget "GameDetail" */;
			buildPhases = (
				57D73111239526EF00F8AEB6 /* Sources */,
				57D73112239526EF00F8AEB6 /* Frameworks */,
				57D73113239526EF00F8AEB6 /* Resources */,
			);
			buildRules = (
			);
			dependencies = (
			);
			name = GameDetail;
			productName = GameDetail;
			productReference = 57D73115239526EF00F8AEB6 /* GameDetail.app */;
			productType = "com.apple.product-type.application";
		};
/* End PBXNativeTarget section */

/* Begin PBXProject section */
		57D7310D239526EF00F8AEB6 /* Project object */ = {
			isa = PBXProject;
			attributes = {
				LastSwiftUpdateCheck = 1110;
				LastUpgradeCheck = 1110;
				ORGANIZATIONNAME = TF;
				TargetAttributes = {
					57D73114239526EF00F8AEB6 = {
						CreatedOnToolsVersion = 11.1;
					};
				};
			};
			buildConfigurationList = 57D73110239526EF00F8AEB6 /* Build configuration list for PBXProject "GameDetail" */;
			compatibilityVersion = "Xcode 9.3";
			developmentRegion = en;
			hasScannedForEncodings = 0;
			knownRegions = (
				en,
				Base,
			);
			mainGroup = 57D7310C239526EF00F8AEB6;
			productRefGroup = 57D73116239526EF00F8AEB6 /* Products */;
			projectDirPath = "";
			projectRoot = "";
			targets = (
				57D73114239526EF00F8AEB6 /* GameDetail */,
			);
		};
/* End PBXProject section */

/* Begin PBXResourcesBuildPhase section */
		57D73113239526EF00F8AEB6 /* Resources */ = {
			isa = PBXResourcesBuildPhase;
			buildActionMask = 2147483647;
			files = (
				57D73125239526F100F8AEB6 /* LaunchScreen.storyboard in Resources */,
				57D73122239526F100F8AEB6 /* Preview Assets.xcassets in Resources */,
				57D7311F239526F100F8AEB6 /* Assets.xcassets in Resources */,
			);
			runOnlyForDeploymentPostprocessing = 0;
		};
/* End PBXResourcesBuildPhase section */

/* Begin PBXSourcesBuildPhase section */
		57D73111239526EF00F8AEB6 /* Sources */ = {
			isa = PBXSourcesBuildPhase;
			buildActionMask = 2147483647;
			files = (
				57D731372395488900F8AEB6 /* DonutChart.swift in Sources */,
				57D73119239526EF00F8AEB6 /* AppDelegate.swift in Sources */,
				57D7313323952B4F00F8AEB6 /* PlayerData.swift in Sources */,
				5770E4BE23967288004522EC /* Chart.swift in Sources */,
				57D7311B239526EF00F8AEB6 /* SceneDelegate.swift in Sources */,
				57D7311D239526EF00F8AEB6 /* ContentView.swift in Sources */,
				57D7313523952BA100F8AEB6 /* PlayerList.swift in Sources */,
				57D73131239529AF00F8AEB6 /* PlayerEditor.swift in Sources */,
				57D7312F2395273800F8AEB6 /* Player.swift in Sources */,
				57D731392395554800F8AEB6 /* allPlayer.swift in Sources */,
				57D7312D2395271900F8AEB6 /* PlayerRow.swift in Sources */,
			);
			runOnlyForDeploymentPostprocessing = 0;
		};
/* End PBXSourcesBuildPhase section */

/* Begin PBXVariantGroup section */
		57D73123239526F100F8AEB6 /* LaunchScreen.storyboard */ = {
			isa = PBXVariantGroup;
			children = (
				57D73124239526F100F8AEB6 /* Base */,
			);
			name = LaunchScreen.storyboard;
			sourceTree = "<group>";
		};
/* End PBXVariantGroup section */

/* Begin XCBuildConfiguration section */
		57D73127239526F100F8AEB6 /* Debug */ = {
			isa = XCBuildConfiguration;
			buildSettings = {
				ALWAYS_SEARCH_USER_PATHS = NO;
				CLANG_ANALYZER_NONNULL = YES;
				CLANG_ANALYZER_NUMBER_OBJECT_CONVERSION = YES_AGGRESSIVE;
				CLANG_CXX_LANGUAGE_STANDARD = "gnu++14";
				CLANG_CXX_LIBRARY = "libc++";
				CLANG_ENABLE_MODULES = YES;
				CLANG_ENABLE_OBJC_ARC = YES;
				CLANG_ENABLE_OBJC_WEAK = YES;
				CLANG_WARN_BLOCK_CAPTURE_AUTORELEASING = YES;
				CLANG_WARN_BOOL_CONVERSION = YES;
				CLANG_WARN_COMMA = YES;
				CLANG_WARN_CONSTANT_CONVERSION = YES;
				CLANG_WARN_DEPRECATED_OBJC_IMPLEMENTATIONS = YES;
				CLANG_WARN_DIRECT_OBJC_ISA_USAGE = YES_ERROR;
				CLANG_WARN_DOCUMENTATION_COMMENTS = YES;
				CLANG_WARN_EMPTY_BODY = YES;
				CLANG_WARN_ENUM_CONVERSION = YES;
				CLANG_WARN_INFINITE_RECURSION = YES;
				CLANG_WARN_INT_CONVERSION = YES;
				CLANG_WARN_NON_LITERAL_NULL_CONVERSION = YES;
				CLANG_WARN_OBJC_IMPLICIT_RETAIN_SELF = YES;
				CLANG_WARN_OBJC_LITERAL_CONVERSION = YES;
				CLANG_WARN_OBJC_ROOT_CLASS = YES_ERROR;
				CLANG_WARN_RANGE_LOOP_ANALYSIS = YES;
				CLANG_WARN_STRICT_PROTOTYPES = YES;
				CLANG_WARN_SUSPICIOUS_MOVE = YES;
				CLANG_WARN_UNGUARDED_AVAILABILITY = YES_AGGRESSIVE;
				CLANG_WARN_UNREACHABLE_CODE = YES;
				CLANG_WARN__DUPLICATE_METHOD_MATCH = YES;
				COPY_PHASE_STRIP = NO;
				DEBUG_INFORMATION_FORMAT = dwarf;
				ENABLE_STRICT_OBJC_MSGSEND = YES;
				ENABLE_TESTABILITY = YES;
				GCC_C_LANGUAGE_STANDARD = gnu11;
				GCC_DYNAMIC_NO_PIC = NO;
				GCC_NO_COMMON_BLOCKS = YES;
				GCC_OPTIMIZATION_LEVEL = 0;
				GCC_PREPROCESSOR_DEFINITIONS = (
					"DEBUG=1",
					"$(inherited)",
				);
				GCC_WARN_64_TO_32_BIT_CONVERSION = YES;
				GCC_WARN_ABOUT_RETURN_TYPE = YES_ERROR;
				GCC_WARN_UNDECLARED_SELECTOR = YES;
				GCC_WARN_UNINITIALIZED_AUTOS = YES_AGGRESSIVE;
				GCC_WARN_UNUSED_FUNCTION = YES;
				GCC_WARN_UNUSED_VARIABLE = YES;
				IPHONEOS_DEPLOYMENT_TARGET = 13.1;
				MTL_ENABLE_DEBUG_INFO = INCLUDE_SOURCE;
				MTL_FAST_MATH = YES;
				ONLY_ACTIVE_ARCH = YES;
				SDKROOT = iphoneos;
				SWIFT_ACTIVE_COMPILATION_CONDITIONS = DEBUG;
				SWIFT_OPTIMIZATION_LEVEL = "-Onone";
			};
			name = Debug;
		};
		57D73128239526F100F8AEB6 /* Release */ = {
			isa = XCBuildConfiguration;
			buildSettings = {
				ALWAYS_SEARCH_USER_PATHS = NO;
				CLANG_ANALYZER_NONNULL = YES;
				CLANG_ANALYZER_NUMBER_OBJECT_CONVERSION = YES_AGGRESSIVE;
				CLANG_CXX_LANGUAGE_STANDARD = "gnu++14";
				CLANG_CXX_LIBRARY = "libc++";
				CLANG_ENABLE_MODULES = YES;
				CLANG_ENABLE_OBJC_ARC = YES;
				CLANG_ENABLE_OBJC_WEAK = YES;
				CLANG_WARN_BLOCK_CAPTURE_AUTORELEASING = YES;
				CLANG_WARN_BOOL_CONVERSION = YES;
				CLANG_WARN_COMMA = YES;
				CLANG_WARN_CONSTANT_CONVERSION = YES;
				CLANG_WARN_DEPRECATED_OBJC_IMPLEMENTATIONS = YES;
				CLANG_WARN_DIRECT_OBJC_ISA_USAGE = YES_ERROR;
				CLANG_WARN_DOCUMENTATION_COMMENTS = YES;
				CLANG_WARN_EMPTY_BODY = YES;
				CLANG_WARN_ENUM_CONVERSION = YES;
				CLANG_WARN_INFINITE_RECURSION = YES;
				CLANG_WARN_INT_CONVERSION = YES;
				CLANG_WARN_NON_LITERAL_NULL_CONVERSION = YES;
				CLANG_WARN_OBJC_IMPLICIT_RETAIN_SELF = YES;
				CLANG_WARN_OBJC_LITERAL_CONVERSION = YES;
				CLANG_WARN_OBJC_ROOT_CLASS = YES_ERROR;
				CLANG_WARN_RANGE_LOOP_ANALYSIS = YES;
				CLANG_WARN_STRICT_PROTOTYPES = YES;
				CLANG_WARN_SUSPICIOUS_MOVE = YES;
				CLANG_WARN_UNGUARDED_AVAILABILITY = YES_AGGRESSIVE;
				CLANG_WARN_UNREACHABLE_CODE = YES;
				CLANG_WARN__DUPLICATE_METHOD_MATCH = YES;
				COPY_PHASE_STRIP = NO;
				DEBUG_INFORMATION_FORMAT = "dwarf-with-dsym";
				ENABLE_NS_ASSERTIONS = NO;
				ENABLE_STRICT_OBJC_MSGSEND = YES;
				GCC_C_LANGUAGE_STANDARD = gnu11;
				GCC_NO_COMMON_BLOCKS = YES;
				GCC_WARN_64_TO_32_BIT_CONVERSION = YES;
				GCC_WARN_ABOUT_RETURN_TYPE = YES_ERROR;
				GCC_WARN_UNDECLARED_SELECTOR = YES;
				GCC_WARN_UNINITIALIZED_AUTOS = YES_AGGRESSIVE;
				GCC_WARN_UNUSED_FUNCTION = YES;
				GCC_WARN_UNUSED_VARIABLE = YES;
				IPHONEOS_DEPLOYMENT_TARGET = 13.1;
				MTL_ENABLE_DEBUG_INFO = NO;
				MTL_FAST_MATH = YES;
				SDKROOT = iphoneos;
				SWIFT_COMPILATION_MODE = wholemodule;
				SWIFT_OPTIMIZATION_LEVEL = "-O";
				VALIDATE_PRODUCT = YES;
			};
			name = Release;
		};
		57D7312A239526F100F8AEB6 /* Debug */ = {
			isa = XCBuildConfiguration;
			buildSettings = {
				ASSETCATALOG_COMPILER_APPICON_NAME = AppIcon;
				CODE_SIGN_STYLE = Automatic;
				DEVELOPMENT_ASSET_PATHS = "\"GameDetail/Preview Content\"";
				ENABLE_PREVIEWS = YES;
				INFOPLIST_FILE = GameDetail/Info.plist;
				LD_RUNPATH_SEARCH_PATHS = (
					"$(inherited)",
					"@executable_path/Frameworks",
				);
				PRODUCT_BUNDLE_IDENTIFIER = tflee.GameDetail;
				PRODUCT_NAME = "$(TARGET_NAME)";
				SWIFT_VERSION = 5.0;
				TARGETED_DEVICE_FAMILY = "1,2";
			};
			name = Debug;
		};
		57D7312B239526F100F8AEB6 /* Release */ = {
			isa = XCBuildConfiguration;
			buildSettings = {
				ASSETCATALOG_COMPILER_APPICON_NAME = AppIcon;
				CODE_SIGN_STYLE = Automatic;
				DEVELOPMENT_ASSET_PATHS = "\"GameDetail/Preview Content\"";
				ENABLE_PREVIEWS = YES;
				INFOPLIST_FILE = GameDetail/Info.plist;
				LD_RUNPATH_SEARCH_PATHS = (
					"$(inherited)",
					"@executable_path/Frameworks",
				);
				PRODUCT_BUNDLE_IDENTIFIER = tflee.GameDetail;
				PRODUCT_NAME = "$(TARGET_NAME)";
				SWIFT_VERSION = 5.0;
				TARGETED_DEVICE_FAMILY = "1,2";
			};
			name = Release;
		};
/* End XCBuildConfiguration section */

/* Begin XCConfigurationList section */
		57D73110239526EF00F8AEB6 /* Build configuration list for PBXProject "GameDetail" */ = {
			isa = XCConfigurationList;
			buildConfigurations = (
				57D73127239526F100F8AEB6 /* Debug */,
				57D73128239526F100F8AEB6 /* Release */,
			);
			defaultConfigurationIsVisible = 0;
			defaultConfigurationName = Release;
		};
		57D73129239526F100F8AEB6 /* Build configuration list for PBXNativeTarget "GameDetail" */ = {
			isa = XCConfigurationList;
			buildConfigurations = (
				57D7312A239526F100F8AEB6 /* Debug */,
				57D7312B239526F100F8AEB6 /* Release */,
			);
			defaultConfigurationIsVisible = 0;
			defaultConfigurationName = Release;
		};
/* End XCConfigurationList section */
	};
	rootObject = 57D7310D239526EF00F8AEB6 /* Project object */;
}
